
Microsoft Visual Studio Solution File, Format Version 12.00
# Visual Studio 15
VisualStudioVersion = 15.0.28307.757
MinimumVisualStudioVersion = 10.0.40219.1
Project("{9092AA53-FB77-4645-B42D-1CCCA6BD08BD}") = "VuejsApp1", "VuejsApp1\VuejsApp1.njsproj", "{AA1624A0-5481-44DB-952C-7D1AE1078701}"
EndProject
Global
	GlobalSection(SolutionConfigurationPlatforms) = preSolution
		Debug|Any CPU = Debug|Any CPU
		Release|Any CPU = Release|Any CPU
	EndGlobalSection
	GlobalSection(ProjectConfigurationPlatforms) = postSolution
		{AA1624A0-5481-44DB-952C-7D1AE1078701}.Debug|Any CPU.ActiveCfg = Debug|Any CPU
		{AA1624A0-5481-44DB-952C-7D1AE1078701}.Debug|Any CPU.Build.0 = Debug|Any CPU
		{AA1624A0-5481-44DB-952C-7D1AE1078701}.Release|Any CPU.ActiveCfg = Release|Any CPU
		{AA1624A0-5481-44DB-952C-7D1AE1078701}.Release|Any CPU.Build.0 = Release|Any CPU
	EndGlobalSection
	GlobalSection(SolutionProperties) = preSolution
		HideSolutionNode = FALSE
	EndGlobalSection
	GlobalSection(ExtensibilityGlobals) = postSolution
		SolutionGuid = {C3225204-5854-4A11-A871-9497A1E940A9}
	EndGlobalSection
EndGlobal
